// !$*UTF8*$!
{
	archiveVersion = 1;
	classes = {
	};
	objectVersion = 46;
	objects = {

/* Begin PBXBuildFile section */
		54B394081C6C02C100B786FA /* AppDelegate.swift in Sources */ = {isa = PBXBuildFile; fileRef = 54B394071C6C02C100B786FA /* AppDelegate.swift */; };
		54B3940A1C6C02C100B786FA /* ViewController.swift in Sources */ = {isa = PBXBuildFile; fileRef = 54B394091C6C02C100B786FA /* ViewController.swift */; };
		54B3940D1C6C02C100B786FA /* Main.storyboard in Resources */ = {isa = PBXBuildFile; fileRef = 54B3940B1C6C02C100B786FA /* Main.storyboard */; };
		54B3940F1C6C02C100B786FA /* Assets.xcassets in Resources */ = {isa = PBXBuildFile; fileRef = 54B3940E1C6C02C100B786FA /* Assets.xcassets */; };
		54B394121C6C02C100B786FA /* LaunchScreen.storyboard in Resources */ = {isa = PBXBuildFile; fileRef = 54B394101C6C02C100B786FA /* LaunchScreen.storyboard */; };
		54B3941E1C6C046D00B786FA /* Unknown.jpeg in Resources */ = {isa = PBXBuildFile; fileRef = 54B3941D1C6C046D00B786FA /* Unknown.jpeg */; };
/* End PBXBuildFile section */

/* Begin PBXFileReference section */
		54B394041C6C02C100B786FA /* PhotoFilters.app */ = {isa = PBXFileReference; explicitFileType = wrapper.application; includeInIndex = 0; path = PhotoFilters.app; sourceTree = BUILT_PRODUCTS_DIR; };
		54B394071C6C02C100B786FA /* AppDelegate.swift */ = {isa = PBXFileReference; lastKnownFileType = sourcecode.swift; path = AppDelegate.swift; sourceTree = "<group>"; };
		54B394091C6C02C100B786FA /* ViewController.swift */ = {isa = PBXFileReference; lastKnownFileType = sourcecode.swift; path = ViewController.swift; sourceTree = "<group>"; };
		54B3940C1C6C02C100B786FA /* Base */ = {isa = PBXFileReference; lastKnownFileType = file.storyboard; name = Base; path = Base.lproj/Main.storyboard; sourceTree = "<group>"; };
		54B3940E1C6C02C100B786FA /* Assets.xcassets */ = {isa = PBXFileReference; lastKnownFileType = folder.assetcatalog; path = Assets.xcassets; sourceTree = "<group>"; };
		54B394111C6C02C100B786FA /* Base */ = {isa = PBXFileReference; lastKnownFileType = file.storyboard; name = Base; path = Base.lproj/LaunchScreen.storyboard; sourceTree = "<group>"; };
		54B394131C6C02C100B786FA /* Info.plist */ = {isa = PBXFileReference; lastKnownFileType = text.plist.xml; path = Info.plist; sourceTree = "<group>"; };
		54B3941D1C6C046D00B786FA /* Unknown.jpeg */ = {isa = PBXFileReference; lastKnownFileType = image.jpeg; name = Unknown.jpeg; path = ../../Unknown.jpeg; sourceTree = "<group>"; };
/* End PBXFileReference section */

/* Begin PBXFrameworksBuildPhase section */
		54B394011C6C02C100B786FA /* Frameworks */ = {
			isa = PBXFrameworksBuildPhase;
			buildActionMask = 2147483647;
			files = (
			);
			runOnlyForDeploymentPostprocessing = 0;
		};
/* End PBXFrameworksBuildPhase section */

/* Begin PBXGroup section */
		54B393FB1C6C02C100B786FA = {
			isa = PBXGroup;
			children = (
				54B394061C6C02C100B786FA /* PhotoFilters */,
				54B394051C6C02C100B786FA /* Products */,
			);
			sourceTree = "<group>";
		};
		54B394051C6C02C100B786FA /* Products */ = {
			isa = PBXGroup;
			children = (
				54B394041C6C02C100B786FA /* PhotoFilters.app */,
			);
			name = Products;
			sourceTree = "<group>";
		};
		54B394061C6C02C100B786FA /* PhotoFilters */ = {
			isa = PBXGroup;
			children = (
				54B3941D1C6C046D00B786FA /* Unknown.jpeg */,
				54B394071C6C02C100B786FA /* AppDelegate.swift */,
				54B394091C6C02C100B786FA /* ViewController.swift */,
				54B3940B1C6C02C100B786FA /* Main.storyboard */,
				54B3940E1C6C02C100B786FA /* Assets.xcassets */,
				54B394101C6C02C100B786FA /* LaunchScreen.storyboard */,
				54B394131C6C02C100B786FA /* Info.plist */,
			);
			path = PhotoFilters;
			sourceTree = "<group>";
		};
/* End PBXGroup section */

/* Begin PBXNativeTarget section */
		54B394031C6C02C100B786FA /* PhotoFilters */ = {
			isa = PBXNativeTarget;
			buildConfigurationList = 54B394161C6C02C100B786FA /* Build configuration list for PBXNativeTarget "PhotoFilters" */;
			buildPhases = (
				54B394001C6C02C100B786FA /* Sources */,
				54B394011C6C02C100B786FA /* Frameworks */,
				54B394021C6C02C100B786FA /* Resources */,
			);
			buildRules = (
			);
			dependencies = (
			);
			name = PhotoFilters;
			productName = PhotoFilters;
			productReference = 54B394041C6C02C100B786FA /* PhotoFilters.app */;
			productType = "com.apple.product-type.application";
		};
/* End PBXNativeTarget section */

/* Begin PBXProject section */
		54B393FC1C6C02C100B786FA /* Project object */ = {
			isa = PBXProject;
			attributes = {
				LastSwiftUpdateCheck = 0720;
				LastUpgradeCheck = 0720;
				ORGANIZATIONNAME = "Max Matuson";
				TargetAttributes = {
					54B394031C6C02C100B786FA = {
						CreatedOnToolsVersion = 7.2.1;
					};
				};
			};
			buildConfigurationList = 54B393FF1C6C02C100B786FA /* Build configuration list for PBXProject "PhotoFilters" */;
			compatibilityVersion = "Xcode 3.2";
			developmentRegion = English;
			hasScannedForEncodings = 0;
			knownRegions = (
				en,
				Base,
			);
			mainGroup = 54B393FB1C6C02C100B786FA;
			productRefGroup = 54B394051C6C02C100B786FA /* Products */;
			projectDirPath = "";
			projectRoot = "";
			targets = (
				54B394031C6C02C100B786FA /* PhotoFilters */,
			);
		};
/* End PBXProject section */

/* Begin PBXResourcesBuildPhase section */
		54B394021C6C02C100B786FA /* Resources */ = {
			isa = PBXResourcesBuildPhase;
			buildActionMask = 2147483647;
			files = (
				54B3941E1C6C046D00B786FA /* Unknown.jpeg in Resources */,
				54B394121C6C02C100B786FA /* LaunchScreen.storyboard in Resources */,
				54B3940F1C6C02C100B786FA /* Assets.xcassets in Resources */,
				54B3940D1C6C02C100B786FA /* Main.storyboard in Resources */,
			);
			runOnlyForDeploymentPostprocessing = 0;
		};
/* End PBXResourcesBuildPhase section */

/* Begin PBXSourcesBuildPhase section */
		54B394001C6C02C100B786FA /* Sources */ = {
			isa = PBXSourcesBuildPhase;
			buildActionMask = 2147483647;
			files = (
				54B3940A1C6C02C100B786FA /* ViewController.swift in Sources */,
				54B394081C6C02C100B786FA /* AppDelegate.swift in Sources */,
			);
			runOnlyForDeploymentPostprocessing = 0;
		};
/* End PBXSourcesBuildPhase section */

/* Begin PBXVariantGroup section */
		54B3940B1C6C02C100B786FA /* Main.storyboard */ = {
			isa = PBXVariantGroup;
			children = (
				54B3940C1C6C02C100B786FA /* Base */,
			);
			name = Main.storyboard;
			sourceTree = "<group>";
		};
		54B394101C6C02C100B786FA /* LaunchScreen.storyboard */ = {
			isa = PBXVariantGroup;
			children = (
				54B394111C6C02C100B786FA /* Base */,
			);
			name = LaunchScreen.storyboard;
			sourceTree = "<group>";
		};
/* End PBXVariantGroup section */

/* Begin XCBuildConfiguration section */
		54B394141C6C02C100B786FA /* Debug */ = {
			isa = XCBuildConfiguration;
			buildSettings = {
				ALWAYS_SEARCH_USER_PATHS = NO;
				CLANG_CXX_LANGUAGE_STANDARD = "gnu++0x";
				CLANG_CXX_LIBRARY = "libc++";
				CLANG_ENABLE_MODULES = YES;
				CLANG_ENABLE_OBJC_ARC = YES;
				CLANG_WARN_BOOL_CONVERSION = YES;
				CLANG_WARN_CONSTANT_CONVERSION = YES;
				CLANG_WARN_DIRECT_OBJC_ISA_USAGE = YES_ERROR;
				CLANG_WARN_EMPTY_BODY = YES;
				CLANG_WARN_ENUM_CONVERSION = YES;
				CLANG_WARN_INT_CONVERSION = YES;
				CLANG_WARN_OBJC_ROOT_CLASS = YES_ERROR;
				CLANG_WARN_UNREACHABLE_CODE = YES;
				CLANG_WARN__DUPLICATE_METHOD_MATCH = YES;
				"CODE_SIGN_IDENTITY[sdk=iphoneos*]" = "iPhone Developer";
				COPY_PHASE_STRIP = NO;
				DEBUG_INFORMATION_FORMAT = dwarf;
				ENABLE_STRICT_OBJC_MSGSEND = YES;
				ENABLE_TESTABILITY = YES;
				GCC_C_LANGUAGE_STANDARD = gnu99;
				GCC_DYNAMIC_NO_PIC = NO;
				GCC_NO_COMMON_BLOCKS = YES;
				GCC_OPTIMIZATION_LEVEL = 0;
				GCC_PREPROCESSOR_DEFINITIONS = (
					"DEBUG=1",
					"$(inherited)",
				);
				GCC_WARN_64_TO_32_BIT_CONVERSION = YES;
				GCC_WARN_ABOUT_RETURN_TYPE = YES_ERROR;
				GCC_WARN_UNDECLARED_SELECTOR = YES;
				GCC_WARN_UNINITIALIZED_AUTOS = YES_AGGRESSIVE;
				GCC_WARN_UNUSED_FUNCTION = YES;
				GCC_WARN_UNUSED_VARIABLE = YES;
				IPHONEOS_DEPLOYMENT_TARGET = 9.2;
				MTL_ENABLE_DEBUG_INFO = YES;
				ONLY_ACTIVE_ARCH = YES;
				SDKROOT = iphoneos;
				SWIFT_OPTIMIZATION_LEVEL = "-Onone";
			};
			name = Debug;
		};
		54B394151C6C02C100B786FA /* Release */ = {
			isa = XCBuildConfiguration;
			buildSettings = {
				ALWAYS_SEARCH_USER_PATHS = NO;
				CLANG_CXX_LANGUAGE_STANDARD = "gnu++0x";
				CLANG_CXX_LIBRARY = "libc++";
				CLANG_ENABLE_MODULES = YES;
				CLANG_ENABLE_OBJC_ARC = YES;
				CLANG_WARN_BOOL_CONVERSION = YES;
				CLANG_WARN_CONSTANT_CONVERSION = YES;
				CLANG_WARN_DIRECT_OBJC_ISA_USAGE = YES_ERROR;
				CLANG_WARN_EMPTY_BODY = YES;
				CLANG_WARN_ENUM_CONVERSION = YES;
				CLANG_WARN_INT_CONVERSION = YES;
				CLANG_WARN_OBJC_ROOT_CLASS = YES_ERROR;
				CLANG_WARN_UNREACHABLE_CODE = YES;
				CLANG_WARN__DUPLICATE_METHOD_MATCH = YES;
				"CODE_SIGN_IDENTITY[sdk=iphoneos*]" = "iPhone Developer";
				COPY_PHASE_STRIP = NO;
				DEBUG_INFORMATION_FORMAT = "dwarf-with-dsym";
				ENABLE_NS_ASSERTIONS = NO;
				ENABLE_STRICT_OBJC_MSGSEND = YES;
				GCC_C_LANGUAGE_STANDARD = gnu99;
				GCC_NO_COMMON_BLOCKS = YES;
				GCC_WARN_64_TO_32_BIT_CONVERSION = YES;
				GCC_WARN_ABOUT_RETURN_TYPE = YES_ERROR;
				GCC_WARN_UNDECLARED_SELECTOR = YES;
				GCC_WARN_UNINITIALIZED_AUTOS = YES_AGGRESSIVE;
				GCC_WARN_UNUSED_FUNCTION = YES;
				GCC_WARN_UNUSED_VARIABLE = YES;
				IPHONEOS_DEPLOYMENT_TARGET = 9.2;
				MTL_ENABLE_DEBUG_INFO = NO;
				SDKROOT = iphoneos;
				VALIDATE_PRODUCT = YES;
			};
			name = Release;
		};
		54B394171C6C02C100B786FA /* Debug */ = {
			isa = XCBuildConfiguration;
			buildSettings = {
				ASSETCATALOG_COMPILER_APPICON_NAME = AppIcon;
				INFOPLIST_FILE = PhotoFilters/Info.plist;
				LD_RUNPATH_SEARCH_PATHS = "$(inherited) @executable_path/Frameworks";
				PRODUCT_BUNDLE_IDENTIFIER = com.MaxIM.PhotoFilters;
				PRODUCT_NAME = "$(TARGET_NAME)";
			};
			name = Debug;
		};
		54B394181C6C02C100B786FA /* Release */ = {
			isa = XCBuildConfiguration;
			buildSettings = {
				ASSETCATALOG_COMPILER_APPICON_NAME = AppIcon;
				INFOPLIST_FILE = PhotoFilters/Info.plist;
				LD_RUNPATH_SEARCH_PATHS = "$(inherited) @executable_path/Frameworks";
				PRODUCT_BUNDLE_IDENTIFIER = com.MaxIM.PhotoFilters;
				PRODUCT_NAME = "$(TARGET_NAME)";
			};
			name = Release;
		};
/* End XCBuildConfiguration section */

/* Begin XCConfigurationList section */
		54B393FF1C6C02C100B786FA /* Build configuration list for PBXProject "PhotoFilters" */ = {
			isa = XCConfigurationList;
			buildConfigurations = (
				54B394141C6C02C100B786FA /* Debug */,
				54B394151C6C02C100B786FA /* Release */,
			);
			defaultConfigurationIsVisible = 0;
			defaultConfigurationName = Release;
		};
		54B394161C6C02C100B786FA /* Build configuration list for PBXNativeTarget "PhotoFilters" */ = {
			isa = XCConfigurationList;
			buildConfigurations = (
				54B394171C6C02C100B786FA /* Debug */,
				54B394181C6C02C100B786FA /* Release */,
			);
			defaultConfigurationIsVisible = 0;
		};
/* End XCConfigurationList section */
	};
	rootObject = 54B393FC1C6C02C100B786FA /* Project object */;
}
